
Microsoft Visual Studio Solution File, Format Version 12.00
# Visual Studio Version 17
VisualStudioVersion = 17.9.34728.123
MinimumVisualStudioVersion = 10.0.40219.1
Project("{9A19103F-16F7-4668-BE54-9A1E7A4F7556}") = "TechChallenge_ControleContatos", "TechChallenge_ControleContatos\TechChallenge_ControleContatos.csproj", "{C9A1E60D-4121-4C78-BCBB-5825B7FCECFC}"
EndProject
Project("{2150E333-8FDC-42A3-9474-1A3956D46DE8}") = "1 - Application", "1 - Application", "{D2CC5426-D8E1-4506-8D7F-3C7483A4108A}"
EndProject
Project("{2150E333-8FDC-42A3-9474-1A3956D46DE8}") = "2 - Domain", "2 - Domain", "{48512BAF-BB15-4535-B4B0-F20DB2DEC041}"
EndProject
Project("{2150E333-8FDC-42A3-9474-1A3956D46DE8}") = "3 - Service", "3 - Service", "{7463C927-A10A-4B3D-B91D-3CE7110FB4D3}"
EndProject
Project("{2150E333-8FDC-42A3-9474-1A3956D46DE8}") = "4 - Infra", "4 - Infra", "{F5A01386-89C5-4B04-A603-B77DADFC856E}"
EndProject
Project("{FAE04EC0-301F-11D3-BF4B-00C04F79EFBC}") = "TechChallenge_ControleContatos.Domain", "TechChallenge_ControleContatos.Domain\TechChallenge_ControleContatos.Domain.csproj", "{30059E35-AA86-448D-A244-D4722E2C1A8B}"
EndProject
Project("{FAE04EC0-301F-11D3-BF4B-00C04F79EFBC}") = "TechChallenge_ControleContatos.Service", "TechChallenge_ControleContatos.Service\TechChallenge_ControleContatos.Service.csproj", "{8285B70E-2D47-4BC2-BC6E-C967A2BC6667}"
EndProject
Project("{FAE04EC0-301F-11D3-BF4B-00C04F79EFBC}") = "TechChallenge_ControleContatos.Infra", "TechChallenge_ControleContatos.Infra\TechChallenge_ControleContatos.Infra.csproj", "{F08D37A6-7226-45B9-B955-7B60B292E781}"
EndProject
Global
	GlobalSection(SolutionConfigurationPlatforms) = preSolution
		Debug|Any CPU = Debug|Any CPU
		Release|Any CPU = Release|Any CPU
	EndGlobalSection
	GlobalSection(ProjectConfigurationPlatforms) = postSolution
		{C9A1E60D-4121-4C78-BCBB-5825B7FCECFC}.Debug|Any CPU.ActiveCfg = Debug|Any CPU
		{C9A1E60D-4121-4C78-BCBB-5825B7FCECFC}.Debug|Any CPU.Build.0 = Debug|Any CPU
		{C9A1E60D-4121-4C78-BCBB-5825B7FCECFC}.Release|Any CPU.ActiveCfg = Release|Any CPU
		{C9A1E60D-4121-4C78-BCBB-5825B7FCECFC}.Release|Any CPU.Build.0 = Release|Any CPU
		{30059E35-AA86-448D-A244-D4722E2C1A8B}.Debug|Any CPU.ActiveCfg = Debug|Any CPU
		{30059E35-AA86-448D-A244-D4722E2C1A8B}.Debug|Any CPU.Build.0 = Debug|Any CPU
		{30059E35-AA86-448D-A244-D4722E2C1A8B}.Release|Any CPU.ActiveCfg = Release|Any CPU
		{30059E35-AA86-448D-A244-D4722E2C1A8B}.Release|Any CPU.Build.0 = Release|Any CPU
		{8285B70E-2D47-4BC2-BC6E-C967A2BC6667}.Debug|Any CPU.ActiveCfg = Debug|Any CPU
		{8285B70E-2D47-4BC2-BC6E-C967A2BC6667}.Debug|Any CPU.Build.0 = Debug|Any CPU
		{8285B70E-2D47-4BC2-BC6E-C967A2BC6667}.Release|Any CPU.ActiveCfg = Release|Any CPU
		{8285B70E-2D47-4BC2-BC6E-C967A2BC6667}.Release|Any CPU.Build.0 = Release|Any CPU
		{F08D37A6-7226-45B9-B955-7B60B292E781}.Debug|Any CPU.ActiveCfg = Debug|Any CPU
		{F08D37A6-7226-45B9-B955-7B60B292E781}.Debug|Any CPU.Build.0 = Debug|Any CPU
		{F08D37A6-7226-45B9-B955-7B60B292E781}.Release|Any CPU.ActiveCfg = Release|Any CPU
		{F08D37A6-7226-45B9-B955-7B60B292E781}.Release|Any CPU.Build.0 = Release|Any CPU
	EndGlobalSection
	GlobalSection(SolutionProperties) = preSolution
		HideSolutionNode = FALSE
	EndGlobalSection
	GlobalSection(NestedProjects) = preSolution
		{C9A1E60D-4121-4C78-BCBB-5825B7FCECFC} = {D2CC5426-D8E1-4506-8D7F-3C7483A4108A}
		{30059E35-AA86-448D-A244-D4722E2C1A8B} = {48512BAF-BB15-4535-B4B0-F20DB2DEC041}
		{8285B70E-2D47-4BC2-BC6E-C967A2BC6667} = {7463C927-A10A-4B3D-B91D-3CE7110FB4D3}
		{F08D37A6-7226-45B9-B955-7B60B292E781} = {F5A01386-89C5-4B04-A603-B77DADFC856E}
	EndGlobalSection
	GlobalSection(ExtensibilityGlobals) = postSolution
		SolutionGuid = {7A6C2BDC-777F-483D-961C-9FF54C367FD6}
	EndGlobalSection
EndGlobal
